
Microsoft Visual Studio Solution File, Format Version 12.00
# Visual Studio Version 16
VisualStudioVersion = 16.0.30225.117
MinimumVisualStudioVersion = 10.0.40219.1
Project("{FAE04EC0-301F-11D3-BF4B-00C04F79EFBC}") = "02052021site", "02052021site\02052021site.csproj", "{8740A6A3-F541-4887-99F2-82A87239D92A}"
EndProject
Global
	GlobalSection(SolutionConfigurationPlatforms) = preSolution
		Debug|Any CPU = Debug|Any CPU
		Release|Any CPU = Release|Any CPU
	EndGlobalSection
	GlobalSection(ProjectConfigurationPlatforms) = postSolution
		{8740A6A3-F541-4887-99F2-82A87239D92A}.Debug|Any CPU.ActiveCfg = Debug|Any CPU
		{8740A6A3-F541-4887-99F2-82A87239D92A}.Debug|Any CPU.Build.0 = Debug|Any CPU
		{8740A6A3-F541-4887-99F2-82A87239D92A}.Release|Any CPU.ActiveCfg = Release|Any CPU
		{8740A6A3-F541-4887-99F2-82A87239D92A}.Release|Any CPU.Build.0 = Release|Any CPU
	EndGlobalSection
	GlobalSection(SolutionProperties) = preSolution
		HideSolutionNode = FALSE
	EndGlobalSection
	GlobalSection(ExtensibilityGlobals) = postSolution
		SolutionGuid = {54E17228-267E-4A9E-9311-F11C7E8F5018}
	EndGlobalSection
EndGlobal
